// !$*UTF8*$!
{
	archiveVersion = 1;
	classes = {
	};
	objectVersion = 50;
	objects = {

/* Begin PBXBuildFile section */
		2B5E8B282184F5EF00604744 /* AppDelegate.swift in Sources */ = {isa = PBXBuildFile; fileRef = 2B5E8B272184F5EF00604744 /* AppDelegate.swift */; };
		2B5E8B2A2184F5EF00604744 /* WalletViewController.swift in Sources */ = {isa = PBXBuildFile; fileRef = 2B5E8B292184F5EF00604744 /* WalletViewController.swift */; };
		2B5E8B2C2184F5EF00604744 /* ScanQRViewController.swift in Sources */ = {isa = PBXBuildFile; fileRef = 2B5E8B2B2184F5EF00604744 /* ScanQRViewController.swift */; };
		2B5E8B2F2184F5EF00604744 /* Main.storyboard in Resources */ = {isa = PBXBuildFile; fileRef = 2B5E8B2D2184F5EF00604744 /* Main.storyboard */; };
		2B5E8B312184F5F100604744 /* Assets.xcassets in Resources */ = {isa = PBXBuildFile; fileRef = 2B5E8B302184F5F100604744 /* Assets.xcassets */; };
		2B5E8B342184F5F100604744 /* LaunchScreen.storyboard in Resources */ = {isa = PBXBuildFile; fileRef = 2B5E8B322184F5F100604744 /* LaunchScreen.storyboard */; };
		2B5E8B3F2184F5F100604744 /* flight_walletTests.swift in Sources */ = {isa = PBXBuildFile; fileRef = 2B5E8B3E2184F5F100604744 /* flight_walletTests.swift */; };
		2B5E8B4A2184F5F100604744 /* flight_walletUITests.swift in Sources */ = {isa = PBXBuildFile; fileRef = 2B5E8B492184F5F100604744 /* flight_walletUITests.swift */; };
		2B5E8B582184F88E00604744 /* Wallet.swift in Sources */ = {isa = PBXBuildFile; fileRef = 2B5E8B572184F88E00604744 /* Wallet.swift */; };
		2B5E8B5A21850E0E00604744 /* BitcoinWallet.swift in Sources */ = {isa = PBXBuildFile; fileRef = 2B5E8B5921850E0E00604744 /* BitcoinWallet.swift */; };
		2B5E8B5C21850E2B00604744 /* Constants.swift in Sources */ = {isa = PBXBuildFile; fileRef = 2B5E8B5B21850E2B00604744 /* Constants.swift */; };
		2B5E8B5E21850F9500604744 /* EthereumWallet.swift in Sources */ = {isa = PBXBuildFile; fileRef = 2B5E8B5D21850F9500604744 /* EthereumWallet.swift */; };
		2B5E8B6021851B7E00604744 /* TransactionDetailedViewController.swift in Sources */ = {isa = PBXBuildFile; fileRef = 2B5E8B5F21851B7E00604744 /* TransactionDetailedViewController.swift */; };
		2B5E8B622185214E00604744 /* TransactionReceiptViewController.swift in Sources */ = {isa = PBXBuildFile; fileRef = 2B5E8B612185214E00604744 /* TransactionReceiptViewController.swift */; };
		2B5E8B6421852FAC00604744 /* ShowQRViewController.swift in Sources */ = {isa = PBXBuildFile; fileRef = 2B5E8B6321852FAC00604744 /* ShowQRViewController.swift */; };
		2B5E8B662185332700604744 /* MainController.swift in Sources */ = {isa = PBXBuildFile; fileRef = 2B5E8B652185332700604744 /* MainController.swift */; };
		2BFA2668218BC9DE006961FD /* UIKit+Extensions.swift in Sources */ = {isa = PBXBuildFile; fileRef = 2BFA2667218BC9DE006961FD /* UIKit+Extensions.swift */; };
		718CF10DAB562914E8DE6D2D /* libPods-flight.walletTests.a in Frameworks */ = {isa = PBXBuildFile; fileRef = 577ACA827D35A907F4686F0C /* libPods-flight.walletTests.a */; };
		CEC814DA464AA83AD1B2E7DD /* libPods-flight.wallet.a in Frameworks */ = {isa = PBXBuildFile; fileRef = 6D58E26CE835EE442E982C8B /* libPods-flight.wallet.a */; };
/* End PBXBuildFile section */

/* Begin PBXContainerItemProxy section */
		2B5E8B3B2184F5F100604744 /* PBXContainerItemProxy */ = {
			isa = PBXContainerItemProxy;
			containerPortal = 2B5E8B1C2184F5EF00604744 /* Project object */;
			proxyType = 1;
			remoteGlobalIDString = 2B5E8B232184F5EF00604744;
			remoteInfo = flight.wallet;
		};
		2B5E8B462184F5F100604744 /* PBXContainerItemProxy */ = {
			isa = PBXContainerItemProxy;
			containerPortal = 2B5E8B1C2184F5EF00604744 /* Project object */;
			proxyType = 1;
			remoteGlobalIDString = 2B5E8B232184F5EF00604744;
			remoteInfo = flight.wallet;
		};
/* End PBXContainerItemProxy section */

/* Begin PBXFileReference section */
		04DAD94B57D9BF784B45B74E /* Pods-flight.walletTests.release.xcconfig */ = {isa = PBXFileReference; includeInIndex = 1; lastKnownFileType = text.xcconfig; name = "Pods-flight.walletTests.release.xcconfig"; path = "Pods/Target Support Files/Pods-flight.walletTests/Pods-flight.walletTests.release.xcconfig"; sourceTree = "<group>"; };
		1572D5C7567599BA4904F05D /* Pods-flight.wallet.debug.xcconfig */ = {isa = PBXFileReference; includeInIndex = 1; lastKnownFileType = text.xcconfig; name = "Pods-flight.wallet.debug.xcconfig"; path = "Pods/Target Support Files/Pods-flight.wallet/Pods-flight.wallet.debug.xcconfig"; sourceTree = "<group>"; };
		2B151F7321A7FF0300386687 /* flight.wallet.entitlements */ = {isa = PBXFileReference; lastKnownFileType = text.plist.entitlements; path = flight.wallet.entitlements; sourceTree = "<group>"; };
		2B5E8B242184F5EF00604744 /* flight.wallet.app */ = {isa = PBXFileReference; explicitFileType = wrapper.application; includeInIndex = 0; path = flight.wallet.app; sourceTree = BUILT_PRODUCTS_DIR; };
		2B5E8B272184F5EF00604744 /* AppDelegate.swift */ = {isa = PBXFileReference; lastKnownFileType = sourcecode.swift; path = AppDelegate.swift; sourceTree = "<group>"; };
		2B5E8B292184F5EF00604744 /* WalletViewController.swift */ = {isa = PBXFileReference; lastKnownFileType = sourcecode.swift; path = WalletViewController.swift; sourceTree = "<group>"; };
		2B5E8B2B2184F5EF00604744 /* ScanQRViewController.swift */ = {isa = PBXFileReference; lastKnownFileType = sourcecode.swift; path = ScanQRViewController.swift; sourceTree = "<group>"; };
		2B5E8B2E2184F5EF00604744 /* Base */ = {isa = PBXFileReference; lastKnownFileType = file.storyboard; name = Base; path = Base.lproj/Main.storyboard; sourceTree = "<group>"; };
		2B5E8B302184F5F100604744 /* Assets.xcassets */ = {isa = PBXFileReference; lastKnownFileType = folder.assetcatalog; path = Assets.xcassets; sourceTree = "<group>"; };
		2B5E8B332184F5F100604744 /* Base */ = {isa = PBXFileReference; lastKnownFileType = file.storyboard; name = Base; path = Base.lproj/LaunchScreen.storyboard; sourceTree = "<group>"; };
		2B5E8B352184F5F100604744 /* Info.plist */ = {isa = PBXFileReference; lastKnownFileType = text.plist.xml; path = Info.plist; sourceTree = "<group>"; };
		2B5E8B3A2184F5F100604744 /* flight.walletTests.xctest */ = {isa = PBXFileReference; explicitFileType = wrapper.cfbundle; includeInIndex = 0; path = flight.walletTests.xctest; sourceTree = BUILT_PRODUCTS_DIR; };
		2B5E8B3E2184F5F100604744 /* flight_walletTests.swift */ = {isa = PBXFileReference; lastKnownFileType = sourcecode.swift; path = flight_walletTests.swift; sourceTree = "<group>"; };
		2B5E8B402184F5F100604744 /* Info.plist */ = {isa = PBXFileReference; lastKnownFileType = text.plist.xml; path = Info.plist; sourceTree = "<group>"; };
		2B5E8B452184F5F100604744 /* flight.walletUITests.xctest */ = {isa = PBXFileReference; explicitFileType = wrapper.cfbundle; includeInIndex = 0; path = flight.walletUITests.xctest; sourceTree = BUILT_PRODUCTS_DIR; };
		2B5E8B492184F5F100604744 /* flight_walletUITests.swift */ = {isa = PBXFileReference; lastKnownFileType = sourcecode.swift; path = flight_walletUITests.swift; sourceTree = "<group>"; };
		2B5E8B4B2184F5F100604744 /* Info.plist */ = {isa = PBXFileReference; lastKnownFileType = text.plist.xml; path = Info.plist; sourceTree = "<group>"; };
		2B5E8B572184F88E00604744 /* Wallet.swift */ = {isa = PBXFileReference; lastKnownFileType = sourcecode.swift; path = Wallet.swift; sourceTree = "<group>"; };
		2B5E8B5921850E0E00604744 /* BitcoinWallet.swift */ = {isa = PBXFileReference; lastKnownFileType = sourcecode.swift; path = BitcoinWallet.swift; sourceTree = "<group>"; };
		2B5E8B5B21850E2B00604744 /* Constants.swift */ = {isa = PBXFileReference; lastKnownFileType = sourcecode.swift; path = Constants.swift; sourceTree = "<group>"; };
		2B5E8B5D21850F9500604744 /* EthereumWallet.swift */ = {isa = PBXFileReference; lastKnownFileType = sourcecode.swift; path = EthereumWallet.swift; sourceTree = "<group>"; };
		2B5E8B5F21851B7E00604744 /* TransactionDetailedViewController.swift */ = {isa = PBXFileReference; lastKnownFileType = sourcecode.swift; path = TransactionDetailedViewController.swift; sourceTree = "<group>"; };
		2B5E8B612185214E00604744 /* TransactionReceiptViewController.swift */ = {isa = PBXFileReference; lastKnownFileType = sourcecode.swift; path = TransactionReceiptViewController.swift; sourceTree = "<group>"; };
		2B5E8B6321852FAC00604744 /* ShowQRViewController.swift */ = {isa = PBXFileReference; lastKnownFileType = sourcecode.swift; path = ShowQRViewController.swift; sourceTree = "<group>"; };
		2B5E8B652185332700604744 /* MainController.swift */ = {isa = PBXFileReference; lastKnownFileType = sourcecode.swift; path = MainController.swift; sourceTree = "<group>"; };
		2BFA2667218BC9DE006961FD /* UIKit+Extensions.swift */ = {isa = PBXFileReference; lastKnownFileType = sourcecode.swift; path = "UIKit+Extensions.swift"; sourceTree = "<group>"; };
		428380C9527C98D070423904 /* Pods-flight.walletTests.debug.xcconfig */ = {isa = PBXFileReference; includeInIndex = 1; lastKnownFileType = text.xcconfig; name = "Pods-flight.walletTests.debug.xcconfig"; path = "Pods/Target Support Files/Pods-flight.walletTests/Pods-flight.walletTests.debug.xcconfig"; sourceTree = "<group>"; };
		577ACA827D35A907F4686F0C /* libPods-flight.walletTests.a */ = {isa = PBXFileReference; explicitFileType = archive.ar; includeInIndex = 0; path = "libPods-flight.walletTests.a"; sourceTree = BUILT_PRODUCTS_DIR; };
		6D58E26CE835EE442E982C8B /* libPods-flight.wallet.a */ = {isa = PBXFileReference; explicitFileType = archive.ar; includeInIndex = 0; path = "libPods-flight.wallet.a"; sourceTree = BUILT_PRODUCTS_DIR; };
		AF567CF57885A9F5A49687A6 /* Pods-flight.wallet.release.xcconfig */ = {isa = PBXFileReference; includeInIndex = 1; lastKnownFileType = text.xcconfig; name = "Pods-flight.wallet.release.xcconfig"; path = "Pods/Target Support Files/Pods-flight.wallet/Pods-flight.wallet.release.xcconfig"; sourceTree = "<group>"; };
/* End PBXFileReference section */

/* Begin PBXFrameworksBuildPhase section */
		2B5E8B212184F5EF00604744 /* Frameworks */ = {
			isa = PBXFrameworksBuildPhase;
			buildActionMask = 2147483647;
			files = (
				CEC814DA464AA83AD1B2E7DD /* libPods-flight.wallet.a in Frameworks */,
			);
			runOnlyForDeploymentPostprocessing = 0;
		};
		2B5E8B372184F5F100604744 /* Frameworks */ = {
			isa = PBXFrameworksBuildPhase;
			buildActionMask = 2147483647;
			files = (
				718CF10DAB562914E8DE6D2D /* libPods-flight.walletTests.a in Frameworks */,
			);
			runOnlyForDeploymentPostprocessing = 0;
		};
		2B5E8B422184F5F100604744 /* Frameworks */ = {
			isa = PBXFrameworksBuildPhase;
			buildActionMask = 2147483647;
			files = (
			);
			runOnlyForDeploymentPostprocessing = 0;
		};
/* End PBXFrameworksBuildPhase section */

/* Begin PBXGroup section */
		2B598A0C21A6359A0085CF0C /* ViewControllers */ = {
			isa = PBXGroup;
			children = (
				2B5E8B292184F5EF00604744 /* WalletViewController.swift */,
				2B5E8B2B2184F5EF00604744 /* ScanQRViewController.swift */,
				2B5E8B6321852FAC00604744 /* ShowQRViewController.swift */,
				2B5E8B612185214E00604744 /* TransactionReceiptViewController.swift */,
				2B5E8B5F21851B7E00604744 /* TransactionDetailedViewController.swift */,
			);
			path = ViewControllers;
			sourceTree = "<group>";
		};
		2B598A0D21A635B20085CF0C /* Wallet */ = {
			isa = PBXGroup;
			children = (
				2B5E8B572184F88E00604744 /* Wallet.swift */,
				2B5E8B5921850E0E00604744 /* BitcoinWallet.swift */,
				2B5E8B5D21850F9500604744 /* EthereumWallet.swift */,
				2B5E8B5B21850E2B00604744 /* Constants.swift */,
			);
			path = Wallet;
			sourceTree = "<group>";
		};
		2B5E8B1B2184F5EF00604744 = {
			isa = PBXGroup;
			children = (
				2B5E8B262184F5EF00604744 /* flight.wallet */,
				2B5E8B3D2184F5F100604744 /* flight.walletTests */,
				2B5E8B482184F5F100604744 /* flight.walletUITests */,
				2B5E8B252184F5EF00604744 /* Products */,
				F91610EACD25275312E74556 /* Pods */,
				77F4DDD6C038BFE77BFB9AA5 /* Frameworks */,
			);
			sourceTree = "<group>";
		};
		2B5E8B252184F5EF00604744 /* Products */ = {
			isa = PBXGroup;
			children = (
				2B5E8B242184F5EF00604744 /* flight.wallet.app */,
				2B5E8B3A2184F5F100604744 /* flight.walletTests.xctest */,
				2B5E8B452184F5F100604744 /* flight.walletUITests.xctest */,
			);
			name = Products;
			sourceTree = "<group>";
		};
		2B5E8B262184F5EF00604744 /* flight.wallet */ = {
			isa = PBXGroup;
			children = (
				2B151F7321A7FF0300386687 /* flight.wallet.entitlements */,
				2B598A0D21A635B20085CF0C /* Wallet */,
				2B598A0C21A6359A0085CF0C /* ViewControllers */,
				2BFA2667218BC9DE006961FD /* UIKit+Extensions.swift */,
				2B5E8B272184F5EF00604744 /* AppDelegate.swift */,
				2B5E8B652185332700604744 /* MainController.swift */,
				2B5E8B2D2184F5EF00604744 /* Main.storyboard */,
				2B5E8B302184F5F100604744 /* Assets.xcassets */,
				2B5E8B322184F5F100604744 /* LaunchScreen.storyboard */,
				2B5E8B352184F5F100604744 /* Info.plist */,
			);
			path = flight.wallet;
			sourceTree = "<group>";
		};
		2B5E8B3D2184F5F100604744 /* flight.walletTests */ = {
			isa = PBXGroup;
			children = (
				2B5E8B3E2184F5F100604744 /* flight_walletTests.swift */,
				2B5E8B402184F5F100604744 /* Info.plist */,
			);
			path = flight.walletTests;
			sourceTree = "<group>";
		};
		2B5E8B482184F5F100604744 /* flight.walletUITests */ = {
			isa = PBXGroup;
			children = (
				2B5E8B492184F5F100604744 /* flight_walletUITests.swift */,
				2B5E8B4B2184F5F100604744 /* Info.plist */,
			);
			path = flight.walletUITests;
			sourceTree = "<group>";
		};
		77F4DDD6C038BFE77BFB9AA5 /* Frameworks */ = {
			isa = PBXGroup;
			children = (
				6D58E26CE835EE442E982C8B /* libPods-flight.wallet.a */,
				577ACA827D35A907F4686F0C /* libPods-flight.walletTests.a */,
			);
			name = Frameworks;
			sourceTree = "<group>";
		};
		F91610EACD25275312E74556 /* Pods */ = {
			isa = PBXGroup;
			children = (
				1572D5C7567599BA4904F05D /* Pods-flight.wallet.debug.xcconfig */,
				AF567CF57885A9F5A49687A6 /* Pods-flight.wallet.release.xcconfig */,
				428380C9527C98D070423904 /* Pods-flight.walletTests.debug.xcconfig */,
				04DAD94B57D9BF784B45B74E /* Pods-flight.walletTests.release.xcconfig */,
			);
			name = Pods;
			sourceTree = "<group>";
		};
/* End PBXGroup section */

/* Begin PBXNativeTarget section */
		2B5E8B232184F5EF00604744 /* flight.wallet */ = {
			isa = PBXNativeTarget;
			buildConfigurationList = 2B5E8B4E2184F5F100604744 /* Build configuration list for PBXNativeTarget "flight.wallet" */;
			buildPhases = (
				9F59B07700DD6E9E0B4A694C /* [CP] Check Pods Manifest.lock */,
				2B5E8B202184F5EF00604744 /* Sources */,
				2B5E8B212184F5EF00604744 /* Frameworks */,
				2B5E8B222184F5EF00604744 /* Resources */,
			);
			buildRules = (
			);
			dependencies = (
			);
			name = flight.wallet;
			productName = flight.wallet;
			productReference = 2B5E8B242184F5EF00604744 /* flight.wallet.app */;
			productType = "com.apple.product-type.application";
		};
		2B5E8B392184F5F100604744 /* flight.walletTests */ = {
			isa = PBXNativeTarget;
			buildConfigurationList = 2B5E8B512184F5F100604744 /* Build configuration list for PBXNativeTarget "flight.walletTests" */;
			buildPhases = (
				AC291B102292C4F44755647C /* [CP] Check Pods Manifest.lock */,
				2B5E8B362184F5F100604744 /* Sources */,
				2B5E8B372184F5F100604744 /* Frameworks */,
				2B5E8B382184F5F100604744 /* Resources */,
			);
			buildRules = (
			);
			dependencies = (
				2B5E8B3C2184F5F100604744 /* PBXTargetDependency */,
			);
			name = flight.walletTests;
			productName = flight.walletTests;
			productReference = 2B5E8B3A2184F5F100604744 /* flight.walletTests.xctest */;
			productType = "com.apple.product-type.bundle.unit-test";
		};
		2B5E8B442184F5F100604744 /* flight.walletUITests */ = {
			isa = PBXNativeTarget;
			buildConfigurationList = 2B5E8B542184F5F100604744 /* Build configuration list for PBXNativeTarget "flight.walletUITests" */;
			buildPhases = (
				2B5E8B412184F5F100604744 /* Sources */,
				2B5E8B422184F5F100604744 /* Frameworks */,
				2B5E8B432184F5F100604744 /* Resources */,
			);
			buildRules = (
			);
			dependencies = (
				2B5E8B472184F5F100604744 /* PBXTargetDependency */,
			);
			name = flight.walletUITests;
			productName = flight.walletUITests;
			productReference = 2B5E8B452184F5F100604744 /* flight.walletUITests.xctest */;
			productType = "com.apple.product-type.bundle.ui-testing";
		};
/* End PBXNativeTarget section */

/* Begin PBXProject section */
		2B5E8B1C2184F5EF00604744 /* Project object */ = {
			isa = PBXProject;
			attributes = {
				LastSwiftUpdateCheck = 1000;
				LastUpgradeCheck = 1000;
				ORGANIZATIONNAME = "Aleksey Bykhun";
				TargetAttributes = {
					2B5E8B232184F5EF00604744 = {
						CreatedOnToolsVersion = 10.0;
						SystemCapabilities = {
							com.apple.BackgroundModes = {
								enabled = 1;
							};
							com.apple.Push = {
								enabled = 1;
							};
						};
					};
					2B5E8B392184F5F100604744 = {
						CreatedOnToolsVersion = 10.0;
						TestTargetID = 2B5E8B232184F5EF00604744;
					};
					2B5E8B442184F5F100604744 = {
						CreatedOnToolsVersion = 10.0;
						TestTargetID = 2B5E8B232184F5EF00604744;
					};
				};
			};
			buildConfigurationList = 2B5E8B1F2184F5EF00604744 /* Build configuration list for PBXProject "flight.wallet" */;
			compatibilityVersion = "Xcode 9.3";
			developmentRegion = en;
			hasScannedForEncodings = 0;
			knownRegions = (
				en,
				Base,
			);
			mainGroup = 2B5E8B1B2184F5EF00604744;
			productRefGroup = 2B5E8B252184F5EF00604744 /* Products */;
			projectDirPath = "";
			projectRoot = "";
			targets = (
				2B5E8B232184F5EF00604744 /* flight.wallet */,
				2B5E8B392184F5F100604744 /* flight.walletTests */,
				2B5E8B442184F5F100604744 /* flight.walletUITests */,
			);
		};
/* End PBXProject section */

/* Begin PBXResourcesBuildPhase section */
		2B5E8B222184F5EF00604744 /* Resources */ = {
			isa = PBXResourcesBuildPhase;
			buildActionMask = 2147483647;
			files = (
				2B5E8B342184F5F100604744 /* LaunchScreen.storyboard in Resources */,
				2B5E8B312184F5F100604744 /* Assets.xcassets in Resources */,
				2B5E8B2F2184F5EF00604744 /* Main.storyboard in Resources */,
			);
			runOnlyForDeploymentPostprocessing = 0;
		};
		2B5E8B382184F5F100604744 /* Resources */ = {
			isa = PBXResourcesBuildPhase;
			buildActionMask = 2147483647;
			files = (
			);
			runOnlyForDeploymentPostprocessing = 0;
		};
		2B5E8B432184F5F100604744 /* Resources */ = {
			isa = PBXResourcesBuildPhase;
			buildActionMask = 2147483647;
			files = (
			);
			runOnlyForDeploymentPostprocessing = 0;
		};
/* End PBXResourcesBuildPhase section */

/* Begin PBXShellScriptBuildPhase section */
		9F59B07700DD6E9E0B4A694C /* [CP] Check Pods Manifest.lock */ = {
			isa = PBXShellScriptBuildPhase;
			buildActionMask = 2147483647;
			files = (
			);
			inputPaths = (
				"${PODS_PODFILE_DIR_PATH}/Podfile.lock",
				"${PODS_ROOT}/Manifest.lock",
			);
			name = "[CP] Check Pods Manifest.lock";
			outputPaths = (
				"$(DERIVED_FILE_DIR)/Pods-flight.wallet-checkManifestLockResult.txt",
			);
			runOnlyForDeploymentPostprocessing = 0;
			shellPath = /bin/sh;
			shellScript = "diff \"${PODS_PODFILE_DIR_PATH}/Podfile.lock\" \"${PODS_ROOT}/Manifest.lock\" > /dev/null\nif [ $? != 0 ] ; then\n    # print error to STDERR\n    echo \"error: The sandbox is not in sync with the Podfile.lock. Run 'pod install' or update your CocoaPods installation.\" >&2\n    exit 1\nfi\n# This output is used by Xcode 'outputs' to avoid re-running this script phase.\necho \"SUCCESS\" > \"${SCRIPT_OUTPUT_FILE_0}\"\n";
			showEnvVarsInLog = 0;
		};
		AC291B102292C4F44755647C /* [CP] Check Pods Manifest.lock */ = {
			isa = PBXShellScriptBuildPhase;
			buildActionMask = 2147483647;
			files = (
			);
			inputPaths = (
				"${PODS_PODFILE_DIR_PATH}/Podfile.lock",
				"${PODS_ROOT}/Manifest.lock",
			);
			name = "[CP] Check Pods Manifest.lock";
			outputPaths = (
				"$(DERIVED_FILE_DIR)/Pods-flight.walletTests-checkManifestLockResult.txt",
			);
			runOnlyForDeploymentPostprocessing = 0;
			shellPath = /bin/sh;
			shellScript = "diff \"${PODS_PODFILE_DIR_PATH}/Podfile.lock\" \"${PODS_ROOT}/Manifest.lock\" > /dev/null\nif [ $? != 0 ] ; then\n    # print error to STDERR\n    echo \"error: The sandbox is not in sync with the Podfile.lock. Run 'pod install' or update your CocoaPods installation.\" >&2\n    exit 1\nfi\n# This output is used by Xcode 'outputs' to avoid re-running this script phase.\necho \"SUCCESS\" > \"${SCRIPT_OUTPUT_FILE_0}\"\n";
			showEnvVarsInLog = 0;
		};
/* End PBXShellScriptBuildPhase section */

/* Begin PBXSourcesBuildPhase section */
		2B5E8B202184F5EF00604744 /* Sources */ = {
			isa = PBXSourcesBuildPhase;
			buildActionMask = 2147483647;
			files = (
				2B5E8B622185214E00604744 /* TransactionReceiptViewController.swift in Sources */,
				2B5E8B582184F88E00604744 /* Wallet.swift in Sources */,
				2BFA2668218BC9DE006961FD /* UIKit+Extensions.swift in Sources */,
				2B5E8B2C2184F5EF00604744 /* ScanQRViewController.swift in Sources */,
				2B5E8B282184F5EF00604744 /* AppDelegate.swift in Sources */,
				2B5E8B6421852FAC00604744 /* ShowQRViewController.swift in Sources */,
				2B5E8B5A21850E0E00604744 /* BitcoinWallet.swift in Sources */,
				2B5E8B2A2184F5EF00604744 /* WalletViewController.swift in Sources */,
				2B5E8B662185332700604744 /* MainController.swift in Sources */,
				2B5E8B5E21850F9500604744 /* EthereumWallet.swift in Sources */,
				2B5E8B5C21850E2B00604744 /* Constants.swift in Sources */,
				2B5E8B6021851B7E00604744 /* TransactionDetailedViewController.swift in Sources */,
			);
			runOnlyForDeploymentPostprocessing = 0;
		};
		2B5E8B362184F5F100604744 /* Sources */ = {
			isa = PBXSourcesBuildPhase;
			buildActionMask = 2147483647;
			files = (
				2B5E8B3F2184F5F100604744 /* flight_walletTests.swift in Sources */,
			);
			runOnlyForDeploymentPostprocessing = 0;
		};
		2B5E8B412184F5F100604744 /* Sources */ = {
			isa = PBXSourcesBuildPhase;
			buildActionMask = 2147483647;
			files = (
				2B5E8B4A2184F5F100604744 /* flight_walletUITests.swift in Sources */,
			);
			runOnlyForDeploymentPostprocessing = 0;
		};
/* End PBXSourcesBuildPhase section */

/* Begin PBXTargetDependency section */
		2B5E8B3C2184F5F100604744 /* PBXTargetDependency */ = {
			isa = PBXTargetDependency;
			target = 2B5E8B232184F5EF00604744 /* flight.wallet */;
			targetProxy = 2B5E8B3B2184F5F100604744 /* PBXContainerItemProxy */;
		};
		2B5E8B472184F5F100604744 /* PBXTargetDependency */ = {
			isa = PBXTargetDependency;
			target = 2B5E8B232184F5EF00604744 /* flight.wallet */;
			targetProxy = 2B5E8B462184F5F100604744 /* PBXContainerItemProxy */;
		};
/* End PBXTargetDependency section */

/* Begin PBXVariantGroup section */
		2B5E8B2D2184F5EF00604744 /* Main.storyboard */ = {
			isa = PBXVariantGroup;
			children = (
				2B5E8B2E2184F5EF00604744 /* Base */,
			);
			name = Main.storyboard;
			sourceTree = "<group>";
		};
		2B5E8B322184F5F100604744 /* LaunchScreen.storyboard */ = {
			isa = PBXVariantGroup;
			children = (
				2B5E8B332184F5F100604744 /* Base */,
			);
			name = LaunchScreen.storyboard;
			sourceTree = "<group>";
		};
/* End PBXVariantGroup section */

/* Begin XCBuildConfiguration section */
		2B5E8B4C2184F5F100604744 /* Debug */ = {
			isa = XCBuildConfiguration;
			buildSettings = {
				ALWAYS_SEARCH_USER_PATHS = NO;
				CLANG_ANALYZER_NONNULL = YES;
				CLANG_ANALYZER_NUMBER_OBJECT_CONVERSION = YES_AGGRESSIVE;
				CLANG_CXX_LANGUAGE_STANDARD = "gnu++14";
				CLANG_CXX_LIBRARY = "libc++";
				CLANG_ENABLE_MODULES = YES;
				CLANG_ENABLE_OBJC_ARC = YES;
				CLANG_ENABLE_OBJC_WEAK = YES;
				CLANG_WARN_BLOCK_CAPTURE_AUTORELEASING = YES;
				CLANG_WARN_BOOL_CONVERSION = YES;
				CLANG_WARN_COMMA = YES;
				CLANG_WARN_CONSTANT_CONVERSION = YES;
				CLANG_WARN_DEPRECATED_OBJC_IMPLEMENTATIONS = YES;
				CLANG_WARN_DIRECT_OBJC_ISA_USAGE = YES_ERROR;
				CLANG_WARN_DOCUMENTATION_COMMENTS = YES;
				CLANG_WARN_EMPTY_BODY = YES;
				CLANG_WARN_ENUM_CONVERSION = YES;
				CLANG_WARN_INFINITE_RECURSION = YES;
				CLANG_WARN_INT_CONVERSION = YES;
				CLANG_WARN_NON_LITERAL_NULL_CONVERSION = YES;
				CLANG_WARN_OBJC_IMPLICIT_RETAIN_SELF = YES;
				CLANG_WARN_OBJC_LITERAL_CONVERSION = YES;
				CLANG_WARN_OBJC_ROOT_CLASS = YES_ERROR;
				CLANG_WARN_RANGE_LOOP_ANALYSIS = YES;
				CLANG_WARN_STRICT_PROTOTYPES = YES;
				CLANG_WARN_SUSPICIOUS_MOVE = YES;
				CLANG_WARN_UNGUARDED_AVAILABILITY = YES_AGGRESSIVE;
				CLANG_WARN_UNREACHABLE_CODE = YES;
				CLANG_WARN__DUPLICATE_METHOD_MATCH = YES;
				CODE_SIGN_IDENTITY = "iPhone Developer";
				COPY_PHASE_STRIP = NO;
				DEBUG_INFORMATION_FORMAT = dwarf;
				ENABLE_STRICT_OBJC_MSGSEND = YES;
				ENABLE_TESTABILITY = YES;
				GCC_C_LANGUAGE_STANDARD = gnu11;
				GCC_DYNAMIC_NO_PIC = NO;
				GCC_NO_COMMON_BLOCKS = YES;
				GCC_OPTIMIZATION_LEVEL = 0;
				GCC_PREPROCESSOR_DEFINITIONS = (
					"DEBUG=1",
					"$(inherited)",
				);
				GCC_WARN_64_TO_32_BIT_CONVERSION = YES;
				GCC_WARN_ABOUT_RETURN_TYPE = YES_ERROR;
				GCC_WARN_UNDECLARED_SELECTOR = YES;
				GCC_WARN_UNINITIALIZED_AUTOS = YES_AGGRESSIVE;
				GCC_WARN_UNUSED_FUNCTION = YES;
				GCC_WARN_UNUSED_VARIABLE = YES;
				IPHONEOS_DEPLOYMENT_TARGET = 12.0;
				MTL_ENABLE_DEBUG_INFO = INCLUDE_SOURCE;
				MTL_FAST_MATH = YES;
				ONLY_ACTIVE_ARCH = YES;
				SDKROOT = iphoneos;
				SWIFT_ACTIVE_COMPILATION_CONDITIONS = DEBUG;
				SWIFT_OPTIMIZATION_LEVEL = "-Onone";
			};
			name = Debug;
		};
		2B5E8B4D2184F5F100604744 /* Release */ = {
			isa = XCBuildConfiguration;
			buildSettings = {
				ALWAYS_SEARCH_USER_PATHS = NO;
				CLANG_ANALYZER_NONNULL = YES;
				CLANG_ANALYZER_NUMBER_OBJECT_CONVERSION = YES_AGGRESSIVE;
				CLANG_CXX_LANGUAGE_STANDARD = "gnu++14";
				CLANG_CXX_LIBRARY = "libc++";
				CLANG_ENABLE_MODULES = YES;
				CLANG_ENABLE_OBJC_ARC = YES;
				CLANG_ENABLE_OBJC_WEAK = YES;
				CLANG_WARN_BLOCK_CAPTURE_AUTORELEASING = YES;
				CLANG_WARN_BOOL_CONVERSION = YES;
				CLANG_WARN_COMMA = YES;
				CLANG_WARN_CONSTANT_CONVERSION = YES;
				CLANG_WARN_DEPRECATED_OBJC_IMPLEMENTATIONS = YES;
				CLANG_WARN_DIRECT_OBJC_ISA_USAGE = YES_ERROR;
				CLANG_WARN_DOCUMENTATION_COMMENTS = YES;
				CLANG_WARN_EMPTY_BODY = YES;
				CLANG_WARN_ENUM_CONVERSION = YES;
				CLANG_WARN_INFINITE_RECURSION = YES;
				CLANG_WARN_INT_CONVERSION = YES;
				CLANG_WARN_NON_LITERAL_NULL_CONVERSION = YES;
				CLANG_WARN_OBJC_IMPLICIT_RETAIN_SELF = YES;
				CLANG_WARN_OBJC_LITERAL_CONVERSION = YES;
				CLANG_WARN_OBJC_ROOT_CLASS = YES_ERROR;
				CLANG_WARN_RANGE_LOOP_ANALYSIS = YES;
				CLANG_WARN_STRICT_PROTOTYPES = YES;
				CLANG_WARN_SUSPICIOUS_MOVE = YES;
				CLANG_WARN_UNGUARDED_AVAILABILITY = YES_AGGRESSIVE;
				CLANG_WARN_UNREACHABLE_CODE = YES;
				CLANG_WARN__DUPLICATE_METHOD_MATCH = YES;
				CODE_SIGN_IDENTITY = "iPhone Distribution";
				COPY_PHASE_STRIP = NO;
				DEBUG_INFORMATION_FORMAT = "dwarf-with-dsym";
				ENABLE_NS_ASSERTIONS = NO;
				ENABLE_STRICT_OBJC_MSGSEND = YES;
				GCC_C_LANGUAGE_STANDARD = gnu11;
				GCC_NO_COMMON_BLOCKS = YES;
				GCC_WARN_64_TO_32_BIT_CONVERSION = YES;
				GCC_WARN_ABOUT_RETURN_TYPE = YES_ERROR;
				GCC_WARN_UNDECLARED_SELECTOR = YES;
				GCC_WARN_UNINITIALIZED_AUTOS = YES_AGGRESSIVE;
				GCC_WARN_UNUSED_FUNCTION = YES;
				GCC_WARN_UNUSED_VARIABLE = YES;
				IPHONEOS_DEPLOYMENT_TARGET = 12.0;
				MTL_ENABLE_DEBUG_INFO = NO;
				MTL_FAST_MATH = YES;
				SDKROOT = iphoneos;
				SWIFT_COMPILATION_MODE = wholemodule;
				SWIFT_OPTIMIZATION_LEVEL = "-O";
				VALIDATE_PRODUCT = YES;
			};
			name = Release;
		};
		2B5E8B4F2184F5F100604744 /* Debug */ = {
			isa = XCBuildConfiguration;
			baseConfigurationReference = 1572D5C7567599BA4904F05D /* Pods-flight.wallet.debug.xcconfig */;
			buildSettings = {
				ASSETCATALOG_COMPILER_APPICON_NAME = AppIcon;
				CODE_SIGN_ENTITLEMENTS = flight.wallet/flight.wallet.entitlements;
				CODE_SIGN_IDENTITY = "iPhone Developer";
				CODE_SIGN_STYLE = Manual;
				DEVELOPMENT_TEAM = AE86HBQRXP;
				FRAMEWORK_SEARCH_PATHS = (
					"$(inherited)",
					"$(PROJECT_DIR)",
				);
				INFOPLIST_FILE = flight.wallet/Info.plist;
				IPHONEOS_DEPLOYMENT_TARGET = 9.3;
				LD_RUNPATH_SEARCH_PATHS = (
					"$(inherited)",
					"@executable_path/Frameworks",
				);
				PRODUCT_BUNDLE_IDENTIFIER = "org.flightwallet.flight-wallet";
				PRODUCT_NAME = "$(TARGET_NAME)";
				PROVISIONING_PROFILE_SPECIFIER = "FlightWallet Development Profile";
				SWIFT_VERSION = 4.2;
				TARGETED_DEVICE_FAMILY = "1,2";
			};
			name = Debug;
		};
		2B5E8B502184F5F100604744 /* Release */ = {
			isa = XCBuildConfiguration;
			baseConfigurationReference = AF567CF57885A9F5A49687A6 /* Pods-flight.wallet.release.xcconfig */;
			buildSettings = {
				ASSETCATALOG_COMPILER_APPICON_NAME = AppIcon;
				CODE_SIGN_ENTITLEMENTS = flight.wallet/flight.wallet.entitlements;
				CODE_SIGN_IDENTITY = "iPhone Distribution";
				CODE_SIGN_STYLE = Manual;
				DEVELOPMENT_TEAM = AE86HBQRXP;
				FRAMEWORK_SEARCH_PATHS = (
					"$(inherited)",
					"$(PROJECT_DIR)",
				);
				INFOPLIST_FILE = flight.wallet/Info.plist;
				IPHONEOS_DEPLOYMENT_TARGET = 9.3;
				LD_RUNPATH_SEARCH_PATHS = (
					"$(inherited)",
					"@executable_path/Frameworks",
				);
				PRODUCT_BUNDLE_IDENTIFIER = "org.flightwallet.flight-wallet";
				PRODUCT_NAME = "$(TARGET_NAME)";
				PROVISIONING_PROFILE_SPECIFIER = "Flight Wallet Prod";
				SWIFT_VERSION = 4.2;
				TARGETED_DEVICE_FAMILY = "1,2";
			};
			name = Release;
		};
		2B5E8B522184F5F100604744 /* Debug */ = {
			isa = XCBuildConfiguration;
			baseConfigurationReference = 428380C9527C98D070423904 /* Pods-flight.walletTests.debug.xcconfig */;
			buildSettings = {
				ALWAYS_EMBED_SWIFT_STANDARD_LIBRARIES = YES;
				BUNDLE_LOADER = "$(TEST_HOST)";
				CODE_SIGN_STYLE = Automatic;
				DEVELOPMENT_TEAM = AE86HBQRXP;
				INFOPLIST_FILE = flight.walletTests/Info.plist;
				LD_RUNPATH_SEARCH_PATHS = (
					"$(inherited)",
					"@executable_path/Frameworks",
					"@loader_path/Frameworks",
				);
				PRODUCT_BUNDLE_IDENTIFIER = "org.flightwallet.flight-walletTests";
				PRODUCT_NAME = "$(TARGET_NAME)";
				SWIFT_VERSION = 4.2;
				TARGETED_DEVICE_FAMILY = "1,2";
				TEST_HOST = "$(BUILT_PRODUCTS_DIR)/flight.wallet.app/flight.wallet";
			};
			name = Debug;
		};
		2B5E8B532184F5F100604744 /* Release */ = {
			isa = XCBuildConfiguration;
			baseConfigurationReference = 04DAD94B57D9BF784B45B74E /* Pods-flight.walletTests.release.xcconfig */;
			buildSettings = {
				ALWAYS_EMBED_SWIFT_STANDARD_LIBRARIES = YES;
				BUNDLE_LOADER = "$(TEST_HOST)";
				CODE_SIGN_STYLE = Automatic;
				DEVELOPMENT_TEAM = AE86HBQRXP;
				INFOPLIST_FILE = flight.walletTests/Info.plist;
				LD_RUNPATH_SEARCH_PATHS = (
					"$(inherited)",
					"@executable_path/Frameworks",
					"@loader_path/Frameworks",
				);
				PRODUCT_BUNDLE_IDENTIFIER = "org.flightwallet.flight-walletTests";
				PRODUCT_NAME = "$(TARGET_NAME)";
				SWIFT_VERSION = 4.2;
				TARGETED_DEVICE_FAMILY = "1,2";
				TEST_HOST = "$(BUILT_PRODUCTS_DIR)/flight.wallet.app/flight.wallet";
			};
			name = Release;
		};
		2B5E8B552184F5F100604744 /* Debug */ = {
			isa = XCBuildConfiguration;
			buildSettings = {
				ALWAYS_EMBED_SWIFT_STANDARD_LIBRARIES = YES;
				CODE_SIGN_STYLE = Automatic;
				DEVELOPMENT_TEAM = AE86HBQRXP;
				INFOPLIST_FILE = flight.walletUITests/Info.plist;
				LD_RUNPATH_SEARCH_PATHS = (
					"$(inherited)",
					"@executable_path/Frameworks",
					"@loader_path/Frameworks",
				);
				PRODUCT_BUNDLE_IDENTIFIER = "org.flightwallet.flight-walletUITests";
				PRODUCT_NAME = "$(TARGET_NAME)";
				SWIFT_VERSION = 4.2;
				TARGETED_DEVICE_FAMILY = "1,2";
				TEST_TARGET_NAME = flight.wallet;
			};
			name = Debug;
		};
		2B5E8B562184F5F100604744 /* Release */ = {
			isa = XCBuildConfiguration;
			buildSettings = {
				ALWAYS_EMBED_SWIFT_STANDARD_LIBRARIES = YES;
				CODE_SIGN_STYLE = Automatic;
				DEVELOPMENT_TEAM = AE86HBQRXP;
				INFOPLIST_FILE = flight.walletUITests/Info.plist;
				LD_RUNPATH_SEARCH_PATHS = (
					"$(inherited)",
					"@executable_path/Frameworks",
					"@loader_path/Frameworks",
				);
				PRODUCT_BUNDLE_IDENTIFIER = "org.flightwallet.flight-walletUITests";
				PRODUCT_NAME = "$(TARGET_NAME)";
				SWIFT_VERSION = 4.2;
				TARGETED_DEVICE_FAMILY = "1,2";
				TEST_TARGET_NAME = flight.wallet;
			};
			name = Release;
		};
/* End XCBuildConfiguration section */

/* Begin XCConfigurationList section */
		2B5E8B1F2184F5EF00604744 /* Build configuration list for PBXProject "flight.wallet" */ = {
			isa = XCConfigurationList;
			buildConfigurations = (
				2B5E8B4C2184F5F100604744 /* Debug */,
				2B5E8B4D2184F5F100604744 /* Release */,
			);
			defaultConfigurationIsVisible = 0;
			defaultConfigurationName = Release;
		};
		2B5E8B4E2184F5F100604744 /* Build configuration list for PBXNativeTarget "flight.wallet" */ = {
			isa = XCConfigurationList;
			buildConfigurations = (
				2B5E8B4F2184F5F100604744 /* Debug */,
				2B5E8B502184F5F100604744 /* Release */,
			);
			defaultConfigurationIsVisible = 0;
			defaultConfigurationName = Release;
		};
		2B5E8B512184F5F100604744 /* Build configuration list for PBXNativeTarget "flight.walletTests" */ = {
			isa = XCConfigurationList;
			buildConfigurations = (
				2B5E8B522184F5F100604744 /* Debug */,
				2B5E8B532184F5F100604744 /* Release */,
			);
			defaultConfigurationIsVisible = 0;
			defaultConfigurationName = Release;
		};
		2B5E8B542184F5F100604744 /* Build configuration list for PBXNativeTarget "flight.walletUITests" */ = {
			isa = XCConfigurationList;
			buildConfigurations = (
				2B5E8B552184F5F100604744 /* Debug */,
				2B5E8B562184F5F100604744 /* Release */,
			);
			defaultConfigurationIsVisible = 0;
			defaultConfigurationName = Release;
		};
/* End XCConfigurationList section */
	};
	rootObject = 2B5E8B1C2184F5EF00604744 /* Project object */;
}
